// !$*UTF8*$!
{
	archiveVersion = 1;
	classes = {
	};
	objectVersion = 46;
	objects = {

/* Begin PBXBuildFile section */
		01A890411AFDAD0D00A3EE15 /* AppDelegate.swift in Sources */ = {isa = PBXBuildFile; fileRef = 01A890401AFDAD0D00A3EE15 /* AppDelegate.swift */; };
		01A890431AFDAD0D00A3EE15 /* ViewController.swift in Sources */ = {isa = PBXBuildFile; fileRef = 01A890421AFDAD0D00A3EE15 /* ViewController.swift */; };
		01A890461AFDAD0D00A3EE15 /* Main.storyboard in Resources */ = {isa = PBXBuildFile; fileRef = 01A890441AFDAD0D00A3EE15 /* Main.storyboard */; };
		01A890481AFDAD0D00A3EE15 /* Images.xcassets in Resources */ = {isa = PBXBuildFile; fileRef = 01A890471AFDAD0D00A3EE15 /* Images.xcassets */; };
		01A8904B1AFDAD0D00A3EE15 /* LaunchScreen.xib in Resources */ = {isa = PBXBuildFile; fileRef = 01A890491AFDAD0D00A3EE15 /* LaunchScreen.xib */; };
		01A890571AFDAD0E00A3EE15 /* UITestTests.swift in Sources */ = {isa = PBXBuildFile; fileRef = 01A890561AFDAD0E00A3EE15 /* UITestTests.swift */; };
		01A890621AFDB33C00A3EE15 /* female.jpg in Resources */ = {isa = PBXBuildFile; fileRef = 01A890601AFDB33C00A3EE15 /* female.jpg */; };
		01A890631AFDB33C00A3EE15 /* male.jpg in Resources */ = {isa = PBXBuildFile; fileRef = 01A890611AFDB33C00A3EE15 /* male.jpg */; };
/* End PBXBuildFile section */

/* Begin PBXContainerItemProxy section */
		01A890511AFDAD0E00A3EE15 /* PBXContainerItemProxy */ = {
			isa = PBXContainerItemProxy;
			containerPortal = 01A890331AFDAD0D00A3EE15 /* Project object */;
			proxyType = 1;
			remoteGlobalIDString = 01A8903A1AFDAD0D00A3EE15;
			remoteInfo = UITest;
		};
/* End PBXContainerItemProxy section */

/* Begin PBXFileReference section */
		01A8903B1AFDAD0D00A3EE15 /* UITest.app */ = {isa = PBXFileReference; explicitFileType = wrapper.application; includeInIndex = 0; path = UITest.app; sourceTree = BUILT_PRODUCTS_DIR; };
		01A8903F1AFDAD0D00A3EE15 /* Info.plist */ = {isa = PBXFileReference; lastKnownFileType = text.plist.xml; path = Info.plist; sourceTree = "<group>"; };
		01A890401AFDAD0D00A3EE15 /* AppDelegate.swift */ = {isa = PBXFileReference; lastKnownFileType = sourcecode.swift; path = AppDelegate.swift; sourceTree = "<group>"; };
		01A890421AFDAD0D00A3EE15 /* ViewController.swift */ = {isa = PBXFileReference; lastKnownFileType = sourcecode.swift; path = ViewController.swift; sourceTree = "<group>"; };
		01A890451AFDAD0D00A3EE15 /* Base */ = {isa = PBXFileReference; lastKnownFileType = file.storyboard; name = Base; path = Base.lproj/Main.storyboard; sourceTree = "<group>"; };
		01A890471AFDAD0D00A3EE15 /* Images.xcassets */ = {isa = PBXFileReference; lastKnownFileType = folder.assetcatalog; path = Images.xcassets; sourceTree = "<group>"; };
		01A8904A1AFDAD0D00A3EE15 /* Base */ = {isa = PBXFileReference; lastKnownFileType = file.xib; name = Base; path = Base.lproj/LaunchScreen.xib; sourceTree = "<group>"; };
		01A890501AFDAD0E00A3EE15 /* UITestTests.xctest */ = {isa = PBXFileReference; explicitFileType = wrapper.cfbundle; includeInIndex = 0; path = UITestTests.xctest; sourceTree = BUILT_PRODUCTS_DIR; };
		01A890551AFDAD0E00A3EE15 /* Info.plist */ = {isa = PBXFileReference; lastKnownFileType = text.plist.xml; path = Info.plist; sourceTree = "<group>"; };
		01A890561AFDAD0E00A3EE15 /* UITestTests.swift */ = {isa = PBXFileReference; lastKnownFileType = sourcecode.swift; path = UITestTests.swift; sourceTree = "<group>"; };
		01A890601AFDB33C00A3EE15 /* female.jpg */ = {isa = PBXFileReference; lastKnownFileType = image.jpeg; path = female.jpg; sourceTree = "<group>"; };
		01A890611AFDB33C00A3EE15 /* male.jpg */ = {isa = PBXFileReference; lastKnownFileType = image.jpeg; path = male.jpg; sourceTree = "<group>"; };
/* End PBXFileReference section */

/* Begin PBXFrameworksBuildPhase section */
		01A890381AFDAD0D00A3EE15 /* Frameworks */ = {
			isa = PBXFrameworksBuildPhase;
			buildActionMask = 2147483647;
			files = (
			);
			runOnlyForDeploymentPostprocessing = 0;
		};
		01A8904D1AFDAD0E00A3EE15 /* Frameworks */ = {
			isa = PBXFrameworksBuildPhase;
			buildActionMask = 2147483647;
			files = (
			);
			runOnlyForDeploymentPostprocessing = 0;
		};
/* End PBXFrameworksBuildPhase section */

/* Begin PBXGroup section */
		01A890321AFDAD0D00A3EE15 = {
			isa = PBXGroup;
			children = (
				01A8903D1AFDAD0D00A3EE15 /* UITest */,
				01A890531AFDAD0E00A3EE15 /* UITestTests */,
				01A8903C1AFDAD0D00A3EE15 /* Products */,
				01A890601AFDB33C00A3EE15 /* female.jpg */,
				01A890611AFDB33C00A3EE15 /* male.jpg */,
			);
			sourceTree = "<group>";
		};
		01A8903C1AFDAD0D00A3EE15 /* Products */ = {
			isa = PBXGroup;
			children = (
				01A8903B1AFDAD0D00A3EE15 /* UITest.app */,
				01A890501AFDAD0E00A3EE15 /* UITestTests.xctest */,
			);
			name = Products;
			sourceTree = "<group>";
		};
		01A8903D1AFDAD0D00A3EE15 /* UITest */ = {
			isa = PBXGroup;
			children = (
				01A890401AFDAD0D00A3EE15 /* AppDelegate.swift */,
				01A890421AFDAD0D00A3EE15 /* ViewController.swift */,
				01A890441AFDAD0D00A3EE15 /* Main.storyboard */,
				01A890471AFDAD0D00A3EE15 /* Images.xcassets */,
				01A890491AFDAD0D00A3EE15 /* LaunchScreen.xib */,
				01A8903E1AFDAD0D00A3EE15 /* Supporting Files */,
			);
			path = UITest;
			sourceTree = "<group>";
		};
		01A8903E1AFDAD0D00A3EE15 /* Supporting Files */ = {
			isa = PBXGroup;
			children = (
				01A8903F1AFDAD0D00A3EE15 /* Info.plist */,
			);
			name = "Supporting Files";
			sourceTree = "<group>";
		};
		01A890531AFDAD0E00A3EE15 /* UITestTests */ = {
			isa = PBXGroup;
			children = (
				01A890561AFDAD0E00A3EE15 /* UITestTests.swift */,
				01A890541AFDAD0E00A3EE15 /* Supporting Files */,
			);
			path = UITestTests;
			sourceTree = "<group>";
		};
		01A890541AFDAD0E00A3EE15 /* Supporting Files */ = {
			isa = PBXGroup;
			children = (
				01A890551AFDAD0E00A3EE15 /* Info.plist */,
			);
			name = "Supporting Files";
			sourceTree = "<group>";
		};
/* End PBXGroup section */

/* Begin PBXNativeTarget section */
		01A8903A1AFDAD0D00A3EE15 /* UITest */ = {
			isa = PBXNativeTarget;
			buildConfigurationList = 01A8905A1AFDAD0E00A3EE15 /* Build configuration list for PBXNativeTarget "UITest" */;
			buildPhases = (
				01A890371AFDAD0D00A3EE15 /* Sources */,
				01A890381AFDAD0D00A3EE15 /* Frameworks */,
				01A890391AFDAD0D00A3EE15 /* Resources */,
			);
			buildRules = (
			);
			dependencies = (
			);
			name = UITest;
			productName = UITest;
			productReference = 01A8903B1AFDAD0D00A3EE15 /* UITest.app */;
			productType = "com.apple.product-type.application";
		};
		01A8904F1AFDAD0E00A3EE15 /* UITestTests */ = {
			isa = PBXNativeTarget;
			buildConfigurationList = 01A8905D1AFDAD0E00A3EE15 /* Build configuration list for PBXNativeTarget "UITestTests" */;
			buildPhases = (
				01A8904C1AFDAD0E00A3EE15 /* Sources */,
				01A8904D1AFDAD0E00A3EE15 /* Frameworks */,
				01A8904E1AFDAD0E00A3EE15 /* Resources */,
			);
			buildRules = (
			);
			dependencies = (
				01A890521AFDAD0E00A3EE15 /* PBXTargetDependency */,
			);
			name = UITestTests;
			productName = UITestTests;
			productReference = 01A890501AFDAD0E00A3EE15 /* UITestTests.xctest */;
			productType = "com.apple.product-type.bundle.unit-test";
		};
/* End PBXNativeTarget section */

/* Begin PBXProject section */
		01A890331AFDAD0D00A3EE15 /* Project object */ = {
			isa = PBXProject;
			attributes = {
				LastUpgradeCheck = 0630;
				ORGANIZATIONNAME = Nick;
				TargetAttributes = {
					01A8903A1AFDAD0D00A3EE15 = {
						CreatedOnToolsVersion = 6.3.1;
					};
					01A8904F1AFDAD0E00A3EE15 = {
						CreatedOnToolsVersion = 6.3.1;
						TestTargetID = 01A8903A1AFDAD0D00A3EE15;
					};
				};
			};
			buildConfigurationList = 01A890361AFDAD0D00A3EE15 /* Build configuration list for PBXProject "UITest" */;
			compatibilityVersion = "Xcode 3.2";
			developmentRegion = English;
			hasScannedForEncodings = 0;
			knownRegions = (
				en,
				Base,
			);
			mainGroup = 01A890321AFDAD0D00A3EE15;
			productRefGroup = 01A8903C1AFDAD0D00A3EE15 /* Products */;
			projectDirPath = "";
			projectRoot = "";
			targets = (
				01A8903A1AFDAD0D00A3EE15 /* UITest */,
				01A8904F1AFDAD0E00A3EE15 /* UITestTests */,
			);
		};
/* End PBXProject section */

/* Begin PBXResourcesBuildPhase section */
		01A890391AFDAD0D00A3EE15 /* Resources */ = {
			isa = PBXResourcesBuildPhase;
			buildActionMask = 2147483647;
			files = (
				01A890461AFDAD0D00A3EE15 /* Main.storyboard in Resources */,
				01A890621AFDB33C00A3EE15 /* female.jpg in Resources */,
				01A8904B1AFDAD0D00A3EE15 /* LaunchScreen.xib in Resources */,
				01A890631AFDB33C00A3EE15 /* male.jpg in Resources */,
				01A890481AFDAD0D00A3EE15 /* Images.xcassets in Resources */,
			);
			runOnlyForDeploymentPostprocessing = 0;
		};
		01A8904E1AFDAD0E00A3EE15 /* Resources */ = {
			isa = PBXResourcesBuildPhase;
			buildActionMask = 2147483647;
			files = (
			);
			runOnlyForDeploymentPostprocessing = 0;
		};
/* End PBXResourcesBuildPhase section */

/* Begin PBXSourcesBuildPhase section */
		01A890371AFDAD0D00A3EE15 /* Sources */ = {
			isa = PBXSourcesBuildPhase;
			buildActionMask = 2147483647;
			files = (
				01A890431AFDAD0D00A3EE15 /* ViewController.swift in Sources */,
				01A890411AFDAD0D00A3EE15 /* AppDelegate.swift in Sources */,
			);
			runOnlyForDeploymentPostprocessing = 0;
		};
		01A8904C1AFDAD0E00A3EE15 /* Sources */ = {
			isa = PBXSourcesBuildPhase;
			buildActionMask = 2147483647;
			files = (
				01A890571AFDAD0E00A3EE15 /* UITestTests.swift in Sources */,
			);
			runOnlyForDeploymentPostprocessing = 0;
		};
/* End PBXSourcesBuildPhase section */

/* Begin PBXTargetDependency section */
		01A890521AFDAD0E00A3EE15 /* PBXTargetDependency */ = {
			isa = PBXTargetDependency;
			target = 01A8903A1AFDAD0D00A3EE15 /* UITest */;
			targetProxy = 01A890511AFDAD0E00A3EE15 /* PBXContainerItemProxy */;
		};
/* End PBXTargetDependency section */

/* Begin PBXVariantGroup section */
		01A890441AFDAD0D00A3EE15 /* Main.storyboard */ = {
			isa = PBXVariantGroup;
			children = (
				01A890451AFDAD0D00A3EE15 /* Base */,
			);
			name = Main.storyboard;
			sourceTree = "<group>";
		};
		01A890491AFDAD0D00A3EE15 /* LaunchScreen.xib */ = {
			isa = PBXVariantGroup;
			children = (
				01A8904A1AFDAD0D00A3EE15 /* Base */,
			);
			name = LaunchScreen.xib;
			sourceTree = "<group>";
		};
/* End PBXVariantGroup section */

/* Begin XCBuildConfiguration section */
		01A890581AFDAD0E00A3EE15 /* Debug */ = {
			isa = XCBuildConfiguration;
			buildSettings = {
				ALWAYS_SEARCH_USER_PATHS = NO;
				CLANG_CXX_LANGUAGE_STANDARD = "gnu++0x";
				CLANG_CXX_LIBRARY = "libc++";
				CLANG_ENABLE_MODULES = YES;
				CLANG_ENABLE_OBJC_ARC = YES;
				CLANG_WARN_BOOL_CONVERSION = YES;
				CLANG_WARN_CONSTANT_CONVERSION = YES;
				CLANG_WARN_DIRECT_OBJC_ISA_USAGE = YES_ERROR;
				CLANG_WARN_EMPTY_BODY = YES;
				CLANG_WARN_ENUM_CONVERSION = YES;
				CLANG_WARN_INT_CONVERSION = YES;
				CLANG_WARN_OBJC_ROOT_CLASS = YES_ERROR;
				CLANG_WARN_UNREACHABLE_CODE = YES;
				CLANG_WARN__DUPLICATE_METHOD_MATCH = YES;
				"CODE_SIGN_IDENTITY[sdk=iphoneos*]" = "iPhone Developer";
				COPY_PHASE_STRIP = NO;
				DEBUG_INFORMATION_FORMAT = "dwarf-with-dsym";
				ENABLE_STRICT_OBJC_MSGSEND = YES;
				GCC_C_LANGUAGE_STANDARD = gnu99;
				GCC_DYNAMIC_NO_PIC = NO;
				GCC_NO_COMMON_BLOCKS = YES;
				GCC_OPTIMIZATION_LEVEL = 0;
				GCC_PREPROCESSOR_DEFINITIONS = (
					"DEBUG=1",
					"$(inherited)",
				);
				GCC_SYMBOLS_PRIVATE_EXTERN = NO;
				GCC_WARN_64_TO_32_BIT_CONVERSION = YES;
				GCC_WARN_ABOUT_RETURN_TYPE = YES_ERROR;
				GCC_WARN_UNDECLARED_SELECTOR = YES;
				GCC_WARN_UNINITIALIZED_AUTOS = YES_AGGRESSIVE;
				GCC_WARN_UNUSED_FUNCTION = YES;
				GCC_WARN_UNUSED_VARIABLE = YES;
				IPHONEOS_DEPLOYMENT_TARGET = 8.3;
				MTL_ENABLE_DEBUG_INFO = YES;
				ONLY_ACTIVE_ARCH = YES;
				SDKROOT = iphoneos;
				SWIFT_OPTIMIZATION_LEVEL = "-Onone";
			};
			name = Debug;
		};
		01A890591AFDAD0E00A3EE15 /* Release */ = {
			isa = XCBuildConfiguration;
			buildSettings = {
				ALWAYS_SEARCH_USER_PATHS = NO;
				CLANG_CXX_LANGUAGE_STANDARD = "gnu++0x";
				CLANG_CXX_LIBRARY = "libc++";
				CLANG_ENABLE_MODULES = YES;
				CLANG_ENABLE_OBJC_ARC = YES;
				CLANG_WARN_BOOL_CONVERSION = YES;
				CLANG_WARN_CONSTANT_CONVERSION = YES;
				CLANG_WARN_DIRECT_OBJC_ISA_USAGE = YES_ERROR;
				CLANG_WARN_EMPTY_BODY = YES;
				CLANG_WARN_ENUM_CONVERSION = YES;
				CLANG_WARN_INT_CONVERSION = YES;
				CLANG_WARN_OBJC_ROOT_CLASS = YES_ERROR;
				CLANG_WARN_UNREACHABLE_CODE = YES;
				CLANG_WARN__DUPLICATE_METHOD_MATCH = YES;
				"CODE_SIGN_IDENTITY[sdk=iphoneos*]" = "iPhone Developer";
				COPY_PHASE_STRIP = NO;
				DEBUG_INFORMATION_FORMAT = "dwarf-with-dsym";
				ENABLE_NS_ASSERTIONS = NO;
				ENABLE_STRICT_OBJC_MSGSEND = YES;
				GCC_C_LANGUAGE_STANDARD = gnu99;
				GCC_NO_COMMON_BLOCKS = YES;
				GCC_WARN_64_TO_32_BIT_CONVERSION = YES;
				GCC_WARN_ABOUT_RETURN_TYPE = YES_ERROR;
				GCC_WARN_UNDECLARED_SELECTOR = YES;
				GCC_WARN_UNINITIALIZED_AUTOS = YES_AGGRESSIVE;
				GCC_WARN_UNUSED_FUNCTION = YES;
				GCC_WARN_UNUSED_VARIABLE = YES;
				IPHONEOS_DEPLOYMENT_TARGET = 8.3;
				MTL_ENABLE_DEBUG_INFO = NO;
				SDKROOT = iphoneos;
				VALIDATE_PRODUCT = YES;
			};
			name = Release;
		};
		01A8905B1AFDAD0E00A3EE15 /* Debug */ = {
			isa = XCBuildConfiguration;
			buildSettings = {
				ASSETCATALOG_COMPILER_APPICON_NAME = AppIcon;
				INFOPLIST_FILE = UITest/Info.plist;
				LD_RUNPATH_SEARCH_PATHS = "$(inherited) @executable_path/Frameworks";
				PRODUCT_NAME = "$(TARGET_NAME)";
			};
			name = Debug;
		};
		01A8905C1AFDAD0E00A3EE15 /* Release */ = {
			isa = XCBuildConfiguration;
			buildSettings = {
				ASSETCATALOG_COMPILER_APPICON_NAME = AppIcon;
				INFOPLIST_FILE = UITest/Info.plist;
				LD_RUNPATH_SEARCH_PATHS = "$(inherited) @executable_path/Frameworks";
				PRODUCT_NAME = "$(TARGET_NAME)";
			};
			name = Release;
		};
		01A8905E1AFDAD0E00A3EE15 /* Debug */ = {
			isa = XCBuildConfiguration;
			buildSettings = {
				BUNDLE_LOADER = "$(TEST_HOST)";
				FRAMEWORK_SEARCH_PATHS = (
					"$(SDKROOT)/Developer/Library/Frameworks",
					"$(inherited)",
				);
				GCC_PREPROCESSOR_DEFINITIONS = (
					"DEBUG=1",
					"$(inherited)",
				);
				INFOPLIST_FILE = UITestTests/Info.plist;
				LD_RUNPATH_SEARCH_PATHS = "$(inherited) @executable_path/Frameworks @loader_path/Frameworks";
				PRODUCT_NAME = "$(TARGET_NAME)";
				TEST_HOST = "$(BUILT_PRODUCTS_DIR)/UITest.app/UITest";
			};
			name = Debug;
		};
		01A8905F1AFDAD0E00A3EE15 /* Release */ = {
			isa = XCBuildConfiguration;
			buildSettings = {
				BUNDLE_LOADER = "$(TEST_HOST)";
				FRAMEWORK_SEARCH_PATHS = (
					"$(SDKROOT)/Developer/Library/Frameworks",
					"$(inherited)",
				);
				INFOPLIST_FILE = UITestTests/Info.plist;
				LD_RUNPATH_SEARCH_PATHS = "$(inherited) @executable_path/Frameworks @loader_path/Frameworks";
				PRODUCT_NAME = "$(TARGET_NAME)";
				TEST_HOST = "$(BUILT_PRODUCTS_DIR)/UITest.app/UITest";
			};
			name = Release;
		};
/* End XCBuildConfiguration section */

/* Begin XCConfigurationList section */
		01A890361AFDAD0D00A3EE15 /* Build configuration list for PBXProject "UITest" */ = {
			isa = XCConfigurationList;
			buildConfigurations = (
				01A890581AFDAD0E00A3EE15 /* Debug */,
				01A890591AFDAD0E00A3EE15 /* Release */,
			);
			defaultConfigurationIsVisible = 0;
			defaultConfigurationName = Release;
		};
		01A8905A1AFDAD0E00A3EE15 /* Build configuration list for PBXNativeTarget "UITest" */ = {
			isa = XCConfigurationList;
			buildConfigurations = (
				01A8905B1AFDAD0E00A3EE15 /* Debug */,
				01A8905C1AFDAD0E00A3EE15 /* Release */,
			);
			defaultConfigurationIsVisible = 0;
		};
		01A8905D1AFDAD0E00A3EE15 /* Build configuration list for PBXNativeTarget "UITestTests" */ = {
			isa = XCConfigurationList;
			buildConfigurations = (
				01A8905E1AFDAD0E00A3EE15 /* Debug */,
				01A8905F1AFDAD0E00A3EE15 /* Release */,
			);
			defaultConfigurationIsVisible = 0;
		};
/* End XCConfigurationList section */
	};
	rootObject = 01A890331AFDAD0D00A3EE15 /* Project object */;
}
